lockfileVersion: '9.0'

settings:
  autoInstallPeers: true
  excludeLinksFromLockfile: false

importers:

  .:
    dependencies:
      zx:
        specifier: ^8
        version: 8.5.4

packages:

  zx@8.5.4:
    resolution: {integrity: sha512-44oKea9Sa8ZnOkTnS6fRJpg3quzgnbB43nLrVfYnqE86J4sxgZMUDLezzKET/FdOAVkF4X+Alm9Bume+W+RW9Q==}
    engines: {node: '>= 12.17.0'}
    hasBin: true

snapshots:

  zx@8.5.4: {}
